
Microsoft Visual Studio Solution File, Format Version 12.00
# Visual Studio Version 16
VisualStudioVersion = 16.0.30517.126
MinimumVisualStudioVersion = 10.0.40219.1
Project("{FAE04EC0-301F-11D3-BF4B-00C04F79EFBC}") = "GeomometriOdev", "GeomometriOdev.csproj", "{8093EBF7-EF67-4CA9-83A0-251E8A1214BB}"
EndProject
Global
	GlobalSection(SolutionConfigurationPlatforms) = preSolution
		Debug|Any CPU = Debug|Any CPU
		Release|Any CPU = Release|Any CPU
	EndGlobalSection
	GlobalSection(ProjectConfigurationPlatforms) = postSolution
		{8093EBF7-EF67-4CA9-83A0-251E8A1214BB}.Debug|Any CPU.ActiveCfg = Debug|Any CPU
		{8093EBF7-EF67-4CA9-83A0-251E8A1214BB}.Debug|Any CPU.Build.0 = Debug|Any CPU
		{8093EBF7-EF67-4CA9-83A0-251E8A1214BB}.Release|Any CPU.ActiveCfg = Release|Any CPU
		{8093EBF7-EF67-4CA9-83A0-251E8A1214BB}.Release|Any CPU.Build.0 = Release|Any CPU
	EndGlobalSection
	GlobalSection(SolutionProperties) = preSolution
		HideSolutionNode = FALSE
	EndGlobalSection
	GlobalSection(ExtensibilityGlobals) = postSolution
		SolutionGuid = {A305C482-3CD8-46CB-8C90-F34F06927ED8}
	EndGlobalSection
EndGlobal
